
Microsoft Visual Studio Solution File, Format Version 12.00
# Visual Studio Version 17
VisualStudioVersion = 17.8.34330.188
MinimumVisualStudioVersion = 10.0.40219.1
Project("{9A19103F-16F7-4668-BE54-9A1E7A4F7556}") = "MealOrdering", "MealOrdering.csproj", "{14297D27-B54A-4847-9B20-C23E26FC3A71}"
EndProject
Project("{9A19103F-16F7-4668-BE54-9A1E7A4F7556}") = "MealOrdering.Server.Data", "..\MealOrdering.Server.Data\MealOrdering.Server.Data.csproj", "{D06FB0BA-459F-4479-80D1-5E992AC12518}"
EndProject
Project("{FAE04EC0-301F-11D3-BF4B-00C04F79EFBC}") = "MealOrdering.Shared", "..\MealOrdering.Shared\MealOrdering.Shared.csproj", "{D9350944-0C85-4CCA-86F1-0F968E1A2268}"
EndProject
Global
	GlobalSection(SolutionConfigurationPlatforms) = preSolution
		Debug|Any CPU = Debug|Any CPU
		Release|Any CPU = Release|Any CPU
	EndGlobalSection
	GlobalSection(ProjectConfigurationPlatforms) = postSolution
		{14297D27-B54A-4847-9B20-C23E26FC3A71}.Debug|Any CPU.ActiveCfg = Debug|Any CPU
		{14297D27-B54A-4847-9B20-C23E26FC3A71}.Debug|Any CPU.Build.0 = Debug|Any CPU
		{14297D27-B54A-4847-9B20-C23E26FC3A71}.Release|Any CPU.ActiveCfg = Release|Any CPU
		{14297D27-B54A-4847-9B20-C23E26FC3A71}.Release|Any CPU.Build.0 = Release|Any CPU
		{D06FB0BA-459F-4479-80D1-5E992AC12518}.Debug|Any CPU.ActiveCfg = Debug|Any CPU
		{D06FB0BA-459F-4479-80D1-5E992AC12518}.Debug|Any CPU.Build.0 = Debug|Any CPU
		{D06FB0BA-459F-4479-80D1-5E992AC12518}.Release|Any CPU.ActiveCfg = Release|Any CPU
		{D06FB0BA-459F-4479-80D1-5E992AC12518}.Release|Any CPU.Build.0 = Release|Any CPU
		{D9350944-0C85-4CCA-86F1-0F968E1A2268}.Debug|Any CPU.ActiveCfg = Debug|Any CPU
		{D9350944-0C85-4CCA-86F1-0F968E1A2268}.Debug|Any CPU.Build.0 = Debug|Any CPU
		{D9350944-0C85-4CCA-86F1-0F968E1A2268}.Release|Any CPU.ActiveCfg = Release|Any CPU
		{D9350944-0C85-4CCA-86F1-0F968E1A2268}.Release|Any CPU.Build.0 = Release|Any CPU
	EndGlobalSection
	GlobalSection(SolutionProperties) = preSolution
		HideSolutionNode = FALSE
	EndGlobalSection
	GlobalSection(ExtensibilityGlobals) = postSolution
		SolutionGuid = {5E846ECD-1022-471D-B4ED-B5003FE781BD}
	EndGlobalSection
EndGlobal
